// !$*UTF8*$!
{
	archiveVersion = 1;
	classes = {
	};
	objectVersion = 48;
	objects = {

/* Begin PBXBuildFile section */
		11AFA12F1FA860FF00D949DD /* AppDelegate.swift in Sources */ = {isa = PBXBuildFile; fileRef = 11AFA12E1FA860FF00D949DD /* AppDelegate.swift */; };
		11AFA1311FA860FF00D949DD /* Assets.xcassets in Resources */ = {isa = PBXBuildFile; fileRef = 11AFA1301FA860FF00D949DD /* Assets.xcassets */; };
		11AFA1341FA860FF00D949DD /* MainMenu.xib in Resources */ = {isa = PBXBuildFile; fileRef = 11AFA1321FA860FF00D949DD /* MainMenu.xib */; };
		11AFA15D1FA863A000D949DD /* NotificationCenter.framework in Frameworks */ = {isa = PBXBuildFile; fileRef = 11AFA15C1FA863A000D949DD /* NotificationCenter.framework */; };
		11AFA1601FA863A000D949DD /* TodayViewController.swift in Sources */ = {isa = PBXBuildFile; fileRef = 11AFA15F1FA863A000D949DD /* TodayViewController.swift */; };
		11AFA1631FA863A000D949DD /* TodayViewController.xib in Resources */ = {isa = PBXBuildFile; fileRef = 11AFA1611FA863A000D949DD /* TodayViewController.xib */; };
		11AFA1671FA863A000D949DD /* InfoPlist.strings in Resources */ = {isa = PBXBuildFile; fileRef = 11AFA1651FA863A000D949DD /* InfoPlist.strings */; };
		11AFA16B1FA863A000D949DD /* MonthCalendarWidget.appex in Embed App Extensions */ = {isa = PBXBuildFile; fileRef = 11AFA15A1FA863A000D949DD /* MonthCalendarWidget.appex */; settings = {ATTRIBUTES = (RemoveHeadersOnCopy, ); }; };
/* End PBXBuildFile section */

/* Begin PBXBuildRule section */
		11121BEC1FA87D2A0042D020 /* PBXBuildRule */ = {
			isa = PBXBuildRule;
			compilerSpec = com.apple.compilers.proxy.script;
			fileType = sourcecode.metal;
			isEditable = 1;
			outputFiles = (
			);
			script = "# metal\n";
		};
/* End PBXBuildRule section */

/* Begin PBXContainerItemProxy section */
		11AFA1691FA863A000D949DD /* PBXContainerItemProxy */ = {
			isa = PBXContainerItemProxy;
			containerPortal = 11AFA1231FA860FF00D949DD /* Project object */;
			proxyType = 1;
			remoteGlobalIDString = 11AFA1591FA863A000D949DD;
			remoteInfo = MonthCalendarWidget;
		};
/* End PBXContainerItemProxy section */

/* Begin PBXCopyFilesBuildPhase section */
		11AFA16F1FA863A000D949DD /* Embed App Extensions */ = {
			isa = PBXCopyFilesBuildPhase;
			buildActionMask = 2147483647;
			dstPath = "";
			dstSubfolderSpec = 13;
			files = (
				11AFA16B1FA863A000D949DD /* MonthCalendarWidget.appex in Embed App Extensions */,
			);
			name = "Embed App Extensions";
			runOnlyForDeploymentPostprocessing = 0;
		};
/* End PBXCopyFilesBuildPhase section */

/* Begin PBXFileReference section */
		11AFA12B1FA860FF00D949DD /* MonthCalendar.app */ = {isa = PBXFileReference; explicitFileType = wrapper.application; includeInIndex = 0; path = MonthCalendar.app; sourceTree = BUILT_PRODUCTS_DIR; };
		11AFA12E1FA860FF00D949DD /* AppDelegate.swift */ = {isa = PBXFileReference; lastKnownFileType = sourcecode.swift; path = AppDelegate.swift; sourceTree = "<group>"; };
		11AFA1301FA860FF00D949DD /* Assets.xcassets */ = {isa = PBXFileReference; lastKnownFileType = folder.assetcatalog; path = Assets.xcassets; sourceTree = "<group>"; };
		11AFA1331FA860FF00D949DD /* Base */ = {isa = PBXFileReference; lastKnownFileType = file.xib; name = Base; path = Base.lproj/MainMenu.xib; sourceTree = "<group>"; };
		11AFA1351FA8610000D949DD /* Info.plist */ = {isa = PBXFileReference; lastKnownFileType = text.plist.xml; path = Info.plist; sourceTree = "<group>"; };
		11AFA1361FA8610000D949DD /* MonthCalendar.entitlements */ = {isa = PBXFileReference; lastKnownFileType = text.plist.entitlements; path = MonthCalendar.entitlements; sourceTree = "<group>"; };
		11AFA15A1FA863A000D949DD /* MonthCalendarWidget.appex */ = {isa = PBXFileReference; explicitFileType = "wrapper.app-extension"; includeInIndex = 0; path = MonthCalendarWidget.appex; sourceTree = BUILT_PRODUCTS_DIR; };
		11AFA15C1FA863A000D949DD /* NotificationCenter.framework */ = {isa = PBXFileReference; lastKnownFileType = wrapper.framework; name = NotificationCenter.framework; path = System/Library/Frameworks/NotificationCenter.framework; sourceTree = SDKROOT; };
		11AFA15F1FA863A000D949DD /* TodayViewController.swift */ = {isa = PBXFileReference; lastKnownFileType = sourcecode.swift; path = TodayViewController.swift; sourceTree = "<group>"; };
		11AFA1621FA863A000D949DD /* Base */ = {isa = PBXFileReference; lastKnownFileType = file.xib; name = Base; path = Base.lproj/TodayViewController.xib; sourceTree = "<group>"; };
		11AFA1641FA863A000D949DD /* Info.plist */ = {isa = PBXFileReference; lastKnownFileType = text.plist.xml; path = Info.plist; sourceTree = "<group>"; };
		11AFA1661FA863A000D949DD /* en */ = {isa = PBXFileReference; lastKnownFileType = text.plist.strings; name = en; path = en.lproj/InfoPlist.strings; sourceTree = "<group>"; };
		11AFA1681FA863A000D949DD /* MonthCalendarWidget.entitlements */ = {isa = PBXFileReference; lastKnownFileType = text.plist.entitlements; path = MonthCalendarWidget.entitlements; sourceTree = "<group>"; };
/* End PBXFileReference section */

/* Begin PBXFrameworksBuildPhase section */
		11AFA1281FA860FF00D949DD /* Frameworks */ = {
			isa = PBXFrameworksBuildPhase;
			buildActionMask = 2147483647;
			files = (
			);
			runOnlyForDeploymentPostprocessing = 0;
		};
		11AFA1571FA863A000D949DD /* Frameworks */ = {
			isa = PBXFrameworksBuildPhase;
			buildActionMask = 2147483647;
			files = (
				11AFA15D1FA863A000D949DD /* NotificationCenter.framework in Frameworks */,
			);
			runOnlyForDeploymentPostprocessing = 0;
		};
/* End PBXFrameworksBuildPhase section */

/* Begin PBXGroup section */
		11AFA1221FA860FF00D949DD = {
			isa = PBXGroup;
			children = (
				11AFA12D1FA860FF00D949DD /* MonthCalendar */,
				11AFA15E1FA863A000D949DD /* MonthCalendarWidget */,
				11AFA15B1FA863A000D949DD /* Frameworks */,
				11AFA12C1FA860FF00D949DD /* Products */,
			);
			sourceTree = "<group>";
		};
		11AFA12C1FA860FF00D949DD /* Products */ = {
			isa = PBXGroup;
			children = (
				11AFA12B1FA860FF00D949DD /* MonthCalendar.app */,
				11AFA15A1FA863A000D949DD /* MonthCalendarWidget.appex */,
			);
			name = Products;
			sourceTree = "<group>";
		};
		11AFA12D1FA860FF00D949DD /* MonthCalendar */ = {
			isa = PBXGroup;
			children = (
				11AFA12E1FA860FF00D949DD /* AppDelegate.swift */,
				11AFA1301FA860FF00D949DD /* Assets.xcassets */,
				11AFA1321FA860FF00D949DD /* MainMenu.xib */,
				11AFA1351FA8610000D949DD /* Info.plist */,
				11AFA1361FA8610000D949DD /* MonthCalendar.entitlements */,
			);
			path = MonthCalendar;
			sourceTree = "<group>";
		};
		11AFA15B1FA863A000D949DD /* Frameworks */ = {
			isa = PBXGroup;
			children = (
				11AFA15C1FA863A000D949DD /* NotificationCenter.framework */,
			);
			name = Frameworks;
			sourceTree = "<group>";
		};
		11AFA15E1FA863A000D949DD /* MonthCalendarWidget */ = {
			isa = PBXGroup;
			children = (
				11AFA15F1FA863A000D949DD /* TodayViewController.swift */,
				11AFA1611FA863A000D949DD /* TodayViewController.xib */,
				11AFA1641FA863A000D949DD /* Info.plist */,
				11AFA1651FA863A000D949DD /* InfoPlist.strings */,
				11AFA1681FA863A000D949DD /* MonthCalendarWidget.entitlements */,
			);
			path = MonthCalendarWidget;
			sourceTree = "<group>";
		};
/* End PBXGroup section */

/* Begin PBXNativeTarget section */
		11AFA12A1FA860FF00D949DD /* MonthCalendar */ = {
			isa = PBXNativeTarget;
			buildConfigurationList = 11AFA1391FA8610000D949DD /* Build configuration list for PBXNativeTarget "MonthCalendar" */;
			buildPhases = (
				11AFA1271FA860FF00D949DD /* Sources */,
				11AFA1281FA860FF00D949DD /* Frameworks */,
				11AFA1291FA860FF00D949DD /* Resources */,
				11AFA16F1FA863A000D949DD /* Embed App Extensions */,
			);
			buildRules = (
			);
			dependencies = (
				11AFA16A1FA863A000D949DD /* PBXTargetDependency */,
			);
			name = MonthCalendar;
			productName = MonthCalendar;
			productReference = 11AFA12B1FA860FF00D949DD /* MonthCalendar.app */;
			productType = "com.apple.product-type.application";
		};
		11AFA1591FA863A000D949DD /* MonthCalendarWidget */ = {
			isa = PBXNativeTarget;
			buildConfigurationList = 11AFA16E1FA863A000D949DD /* Build configuration list for PBXNativeTarget "MonthCalendarWidget" */;
			buildPhases = (
				11AFA1561FA863A000D949DD /* Sources */,
				11AFA1571FA863A000D949DD /* Frameworks */,
				11AFA1581FA863A000D949DD /* Resources */,
			);
			buildRules = (
				11121BEC1FA87D2A0042D020 /* PBXBuildRule */,
			);
			dependencies = (
			);
			name = MonthCalendarWidget;
			productName = MonthCalendarWidget;
			productReference = 11AFA15A1FA863A000D949DD /* MonthCalendarWidget.appex */;
			productType = "com.apple.product-type.app-extension";
		};
/* End PBXNativeTarget section */

/* Begin PBXProject section */
		11AFA1231FA860FF00D949DD /* Project object */ = {
			isa = PBXProject;
			attributes = {
				LastSwiftUpdateCheck = 0900;
				LastUpgradeCheck = 0900;
				ORGANIZATIONNAME = "Tri Le";
				TargetAttributes = {
					11AFA12A1FA860FF00D949DD = {
						CreatedOnToolsVersion = 9.0.1;
						ProvisioningStyle = Automatic;
					};
					11AFA1591FA863A000D949DD = {
						CreatedOnToolsVersion = 9.0.1;
						ProvisioningStyle = Automatic;
					};
				};
			};
			buildConfigurationList = 11AFA1261FA860FF00D949DD /* Build configuration list for PBXProject "MonthCalendar" */;
			compatibilityVersion = "Xcode 8.0";
			developmentRegion = en;
			hasScannedForEncodings = 0;
			knownRegions = (
				en,
				Base,
			);
			mainGroup = 11AFA1221FA860FF00D949DD;
			productRefGroup = 11AFA12C1FA860FF00D949DD /* Products */;
			projectDirPath = "";
			projectRoot = "";
			targets = (
				11AFA12A1FA860FF00D949DD /* MonthCalendar */,
				11AFA1591FA863A000D949DD /* MonthCalendarWidget */,
			);
		};
/* End PBXProject section */

/* Begin PBXResourcesBuildPhase section */
		11AFA1291FA860FF00D949DD /* Resources */ = {
			isa = PBXResourcesBuildPhase;
			buildActionMask = 2147483647;
			files = (
				11AFA1311FA860FF00D949DD /* Assets.xcassets in Resources */,
				11AFA1341FA860FF00D949DD /* MainMenu.xib in Resources */,
			);
			runOnlyForDeploymentPostprocessing = 0;
		};
		11AFA1581FA863A000D949DD /* Resources */ = {
			isa = PBXResourcesBuildPhase;
			buildActionMask = 2147483647;
			files = (
				11AFA1631FA863A000D949DD /* TodayViewController.xib in Resources */,
				11AFA1671FA863A000D949DD /* InfoPlist.strings in Resources */,
			);
			runOnlyForDeploymentPostprocessing = 0;
		};
/* End PBXResourcesBuildPhase section */

/* Begin PBXSourcesBuildPhase section */
		11AFA1271FA860FF00D949DD /* Sources */ = {
			isa = PBXSourcesBuildPhase;
			buildActionMask = 2147483647;
			files = (
				11AFA12F1FA860FF00D949DD /* AppDelegate.swift in Sources */,
			);
			runOnlyForDeploymentPostprocessing = 0;
		};
		11AFA1561FA863A000D949DD /* Sources */ = {
			isa = PBXSourcesBuildPhase;
			buildActionMask = 2147483647;
			files = (
				11AFA1601FA863A000D949DD /* TodayViewController.swift in Sources */,
			);
			runOnlyForDeploymentPostprocessing = 0;
		};
/* End PBXSourcesBuildPhase section */

/* Begin PBXTargetDependency section */
		11AFA16A1FA863A000D949DD /* PBXTargetDependency */ = {
			isa = PBXTargetDependency;
			target = 11AFA1591FA863A000D949DD /* MonthCalendarWidget */;
			targetProxy = 11AFA1691FA863A000D949DD /* PBXContainerItemProxy */;
		};
/* End PBXTargetDependency section */

/* Begin PBXVariantGroup section */
		11AFA1321FA860FF00D949DD /* MainMenu.xib */ = {
			isa = PBXVariantGroup;
			children = (
				11AFA1331FA860FF00D949DD /* Base */,
			);
			name = MainMenu.xib;
			sourceTree = "<group>";
		};
		11AFA1611FA863A000D949DD /* TodayViewController.xib */ = {
			isa = PBXVariantGroup;
			children = (
				11AFA1621FA863A000D949DD /* Base */,
			);
			name = TodayViewController.xib;
			sourceTree = "<group>";
		};
		11AFA1651FA863A000D949DD /* InfoPlist.strings */ = {
			isa = PBXVariantGroup;
			children = (
				11AFA1661FA863A000D949DD /* en */,
			);
			name = InfoPlist.strings;
			sourceTree = "<group>";
		};
/* End PBXVariantGroup section */

/* Begin XCBuildConfiguration section */
		11AFA1371FA8610000D949DD /* Debug */ = {
			isa = XCBuildConfiguration;
			buildSettings = {
				ALWAYS_SEARCH_USER_PATHS = NO;
				CLANG_ANALYZER_NONNULL = YES;
				CLANG_ANALYZER_NUMBER_OBJECT_CONVERSION = YES_AGGRESSIVE;
				CLANG_CXX_LANGUAGE_STANDARD = "gnu++14";
				CLANG_CXX_LIBRARY = "libc++";
				CLANG_ENABLE_MODULES = YES;
				CLANG_ENABLE_OBJC_ARC = YES;
				CLANG_WARN_BLOCK_CAPTURE_AUTORELEASING = YES;
				CLANG_WARN_BOOL_CONVERSION = YES;
				CLANG_WARN_COMMA = YES;
				CLANG_WARN_CONSTANT_CONVERSION = YES;
				CLANG_WARN_DIRECT_OBJC_ISA_USAGE = YES_ERROR;
				CLANG_WARN_DOCUMENTATION_COMMENTS = YES;
				CLANG_WARN_EMPTY_BODY = YES;
				CLANG_WARN_ENUM_CONVERSION = YES;
				CLANG_WARN_INFINITE_RECURSION = YES;
				CLANG_WARN_INT_CONVERSION = YES;
				CLANG_WARN_NON_LITERAL_NULL_CONVERSION = YES;
				CLANG_WARN_OBJC_LITERAL_CONVERSION = YES;
				CLANG_WARN_OBJC_ROOT_CLASS = YES_ERROR;
				CLANG_WARN_RANGE_LOOP_ANALYSIS = YES;
				CLANG_WARN_STRICT_PROTOTYPES = YES;
				CLANG_WARN_SUSPICIOUS_MOVE = YES;
				CLANG_WARN_UNGUARDED_AVAILABILITY = YES_AGGRESSIVE;
				CLANG_WARN_UNREACHABLE_CODE = YES;
				CLANG_WARN__DUPLICATE_METHOD_MATCH = YES;
				CODE_SIGN_IDENTITY = "-";
				COPY_PHASE_STRIP = NO;
				DEBUG_INFORMATION_FORMAT = dwarf;
				ENABLE_STRICT_OBJC_MSGSEND = YES;
				ENABLE_TESTABILITY = YES;
				GCC_C_LANGUAGE_STANDARD = gnu11;
				GCC_DYNAMIC_NO_PIC = NO;
				GCC_NO_COMMON_BLOCKS = YES;
				GCC_OPTIMIZATION_LEVEL = 0;
				GCC_PREPROCESSOR_DEFINITIONS = (
					"DEBUG=1",
					"$(inherited)",
				);
				GCC_WARN_64_TO_32_BIT_CONVERSION = YES;
				GCC_WARN_ABOUT_RETURN_TYPE = YES_ERROR;
				GCC_WARN_UNDECLARED_SELECTOR = YES;
				GCC_WARN_UNINITIALIZED_AUTOS = YES_AGGRESSIVE;
				GCC_WARN_UNUSED_FUNCTION = YES;
				GCC_WARN_UNUSED_VARIABLE = YES;
				MACOSX_DEPLOYMENT_TARGET = 10.13;
				MTL_ENABLE_DEBUG_INFO = YES;
				ONLY_ACTIVE_ARCH = YES;
				SDKROOT = macosx;
				SWIFT_ACTIVE_COMPILATION_CONDITIONS = DEBUG;
				SWIFT_OPTIMIZATION_LEVEL = "-Onone";
			};
			name = Debug;
		};
		11AFA1381FA8610000D949DD /* Release */ = {
			isa = XCBuildConfiguration;
			buildSettings = {
				ALWAYS_SEARCH_USER_PATHS = NO;
				CLANG_ANALYZER_NONNULL = YES;
				CLANG_ANALYZER_NUMBER_OBJECT_CONVERSION = YES_AGGRESSIVE;
				CLANG_CXX_LANGUAGE_STANDARD = "gnu++14";
				CLANG_CXX_LIBRARY = "libc++";
				CLANG_ENABLE_MODULES = YES;
				CLANG_ENABLE_OBJC_ARC = YES;
				CLANG_WARN_BLOCK_CAPTURE_AUTORELEASING = YES;
				CLANG_WARN_BOOL_CONVERSION = YES;
				CLANG_WARN_COMMA = YES;
				CLANG_WARN_CONSTANT_CONVERSION = YES;
				CLANG_WARN_DIRECT_OBJC_ISA_USAGE = YES_ERROR;
				CLANG_WARN_DOCUMENTATION_COMMENTS = YES;
				CLANG_WARN_EMPTY_BODY = YES;
				CLANG_WARN_ENUM_CONVERSION = YES;
				CLANG_WARN_INFINITE_RECURSION = YES;
				CLANG_WARN_INT_CONVERSION = YES;
				CLANG_WARN_NON_LITERAL_NULL_CONVERSION = YES;
				CLANG_WARN_OBJC_LITERAL_CONVERSION = YES;
				CLANG_WARN_OBJC_ROOT_CLASS = YES_ERROR;
				CLANG_WARN_RANGE_LOOP_ANALYSIS = YES;
				CLANG_WARN_STRICT_PROTOTYPES = YES;
				CLANG_WARN_SUSPICIOUS_MOVE = YES;
				CLANG_WARN_UNGUARDED_AVAILABILITY = YES_AGGRESSIVE;
				CLANG_WARN_UNREACHABLE_CODE = YES;
				CLANG_WARN__DUPLICATE_METHOD_MATCH = YES;
				CODE_SIGN_IDENTITY = "-";
				COPY_PHASE_STRIP = NO;
				DEBUG_INFORMATION_FORMAT = "dwarf-with-dsym";
				ENABLE_NS_ASSERTIONS = NO;
				ENABLE_STRICT_OBJC_MSGSEND = YES;
				GCC_C_LANGUAGE_STANDARD = gnu11;
				GCC_NO_COMMON_BLOCKS = YES;
				GCC_WARN_64_TO_32_BIT_CONVERSION = YES;
				GCC_WARN_ABOUT_RETURN_TYPE = YES_ERROR;
				GCC_WARN_UNDECLARED_SELECTOR = YES;
				GCC_WARN_UNINITIALIZED_AUTOS = YES_AGGRESSIVE;
				GCC_WARN_UNUSED_FUNCTION = YES;
				GCC_WARN_UNUSED_VARIABLE = YES;
				MACOSX_DEPLOYMENT_TARGET = 10.13;
				MTL_ENABLE_DEBUG_INFO = NO;
				SDKROOT = macosx;
				SWIFT_OPTIMIZATION_LEVEL = "-Owholemodule";
			};
			name = Release;
		};
		11AFA13A1FA8610000D949DD /* Debug */ = {
			isa = XCBuildConfiguration;
			buildSettings = {
				ALWAYS_EMBED_SWIFT_STANDARD_LIBRARIES = YES;
				ASSETCATALOG_COMPILER_APPICON_NAME = AppIcon;
				CODE_SIGN_ENTITLEMENTS = MonthCalendar/MonthCalendar.entitlements;
				CODE_SIGN_STYLE = Automatic;
				COMBINE_HIDPI_IMAGES = YES;
				INFOPLIST_FILE = MonthCalendar/Info.plist;
				LD_RUNPATH_SEARCH_PATHS = "$(inherited) @executable_path/../Frameworks";
				PRODUCT_BUNDLE_IDENTIFIER = TL.MonthCalendar;
				PRODUCT_NAME = "$(TARGET_NAME)";
				SWIFT_VERSION = 4.0;
			};
			name = Debug;
		};
		11AFA13B1FA8610000D949DD /* Release */ = {
			isa = XCBuildConfiguration;
			buildSettings = {
				ALWAYS_EMBED_SWIFT_STANDARD_LIBRARIES = YES;
				ASSETCATALOG_COMPILER_APPICON_NAME = AppIcon;
				CODE_SIGN_ENTITLEMENTS = MonthCalendar/MonthCalendar.entitlements;
				CODE_SIGN_STYLE = Automatic;
				COMBINE_HIDPI_IMAGES = YES;
				INFOPLIST_FILE = MonthCalendar/Info.plist;
				LD_RUNPATH_SEARCH_PATHS = "$(inherited) @executable_path/../Frameworks";
				PRODUCT_BUNDLE_IDENTIFIER = TL.MonthCalendar;
				PRODUCT_NAME = "$(TARGET_NAME)";
				SWIFT_VERSION = 4.0;
			};
			name = Release;
		};
		11AFA16C1FA863A000D949DD /* Debug */ = {
			isa = XCBuildConfiguration;
			buildSettings = {
				CODE_SIGN_ENTITLEMENTS = MonthCalendarWidget/MonthCalendarWidget.entitlements;
				CODE_SIGN_STYLE = Automatic;
				COMBINE_HIDPI_IMAGES = YES;
				INFOPLIST_FILE = MonthCalendarWidget/Info.plist;
				LD_RUNPATH_SEARCH_PATHS = "$(inherited) @executable_path/../Frameworks @executable_path/../../../../Frameworks";
				PRODUCT_BUNDLE_IDENTIFIER = TL.MonthCalendar.MonthCalendarWidget;
				PRODUCT_NAME = "$(TARGET_NAME)";
				SKIP_INSTALL = YES;
				SWIFT_VERSION = 4.0;
			};
			name = Debug;
		};
		11AFA16D1FA863A000D949DD /* Release */ = {
			isa = XCBuildConfiguration;
			buildSettings = {
				CODE_SIGN_ENTITLEMENTS = MonthCalendarWidget/MonthCalendarWidget.entitlements;
				CODE_SIGN_STYLE = Automatic;
				COMBINE_HIDPI_IMAGES = YES;
				INFOPLIST_FILE = MonthCalendarWidget/Info.plist;
				LD_RUNPATH_SEARCH_PATHS = "$(inherited) @executable_path/../Frameworks @executable_path/../../../../Frameworks";
				PRODUCT_BUNDLE_IDENTIFIER = TL.MonthCalendar.MonthCalendarWidget;
				PRODUCT_NAME = "$(TARGET_NAME)";
				SKIP_INSTALL = YES;
				SWIFT_VERSION = 4.0;
			};
			name = Release;
		};
/* End XCBuildConfiguration section */

/* Begin XCConfigurationList section */
		11AFA1261FA860FF00D949DD /* Build configuration list for PBXProject "MonthCalendar" */ = {
			isa = XCConfigurationList;
			buildConfigurations = (
				11AFA1371FA8610000D949DD /* Debug */,
				11AFA1381FA8610000D949DD /* Release */,
			);
			defaultConfigurationIsVisible = 0;
			defaultConfigurationName = Release;
		};
		11AFA1391FA8610000D949DD /* Build configuration list for PBXNativeTarget "MonthCalendar" */ = {
			isa = XCConfigurationList;
			buildConfigurations = (
				11AFA13A1FA8610000D949DD /* Debug */,
				11AFA13B1FA8610000D949DD /* Release */,
			);
			defaultConfigurationIsVisible = 0;
			defaultConfigurationName = Release;
		};
		11AFA16E1FA863A000D949DD /* Build configuration list for PBXNativeTarget "MonthCalendarWidget" */ = {
			isa = XCConfigurationList;
			buildConfigurations = (
				11AFA16C1FA863A000D949DD /* Debug */,
				11AFA16D1FA863A000D949DD /* Release */,
			);
			defaultConfigurationIsVisible = 0;
			defaultConfigurationName = Release;
		};
/* End XCConfigurationList section */
	};
	rootObject = 11AFA1231FA860FF00D949DD /* Project object */;
}
